// !$*UTF8*$!
{
	archiveVersion = 1;
	classes = {
	};
	objectVersion = 46;
	objects = {

/* Begin PBXBuildFile section */
		238925F71B04190C005F94D3 /* main.m in Sources */ = {isa = PBXBuildFile; fileRef = 238925F61B04190C005F94D3 /* main.m */; };
		238925FA1B04190C005F94D3 /* AppDelegate.m in Sources */ = {isa = PBXBuildFile; fileRef = 238925F91B04190C005F94D3 /* AppDelegate.m */; };
		238925FD1B04190C005F94D3 /* ViewController.m in Sources */ = {isa = PBXBuildFile; fileRef = 238925FC1B04190C005F94D3 /* ViewController.m */; };
		238926001B04190C005F94D3 /* Main.storyboard in Resources */ = {isa = PBXBuildFile; fileRef = 238925FE1B04190C005F94D3 /* Main.storyboard */; };
		238926021B04190C005F94D3 /* Images.xcassets in Resources */ = {isa = PBXBuildFile; fileRef = 238926011B04190C005F94D3 /* Images.xcassets */; };
		238926051B04190C005F94D3 /* LaunchScreen.xib in Resources */ = {isa = PBXBuildFile; fileRef = 238926031B04190C005F94D3 /* LaunchScreen.xib */; };
		238926111B04190C005F94D3 /* CapstoneSelfieGameTests.m in Sources */ = {isa = PBXBuildFile; fileRef = 238926101B04190C005F94D3 /* CapstoneSelfieGameTests.m */; };
		2389261C1B04219C005F94D3 /* GamesListTableViewDataSource.m in Sources */ = {isa = PBXBuildFile; fileRef = 2389261B1B04219C005F94D3 /* GamesListTableViewDataSource.m */; };
		2389261F1B0424F2005F94D3 /* TypeGameNameViewController.m in Sources */ = {isa = PBXBuildFile; fileRef = 2389261E1B0424F2005F94D3 /* TypeGameNameViewController.m */; };
		238926221B04325E005F94D3 /* FriendPickerViewController.m in Sources */ = {isa = PBXBuildFile; fileRef = 238926211B04325E005F94D3 /* FriendPickerViewController.m */; };
		238926261B043313005F94D3 /* GameDetailViewController.m in Sources */ = {isa = PBXBuildFile; fileRef = 238926251B043313005F94D3 /* GameDetailViewController.m */; };
		23A668AF1B04F594000A006F /* PhotoViewController.m in Sources */ = {isa = PBXBuildFile; fileRef = 23A668AE1B04F594000A006F /* PhotoViewController.m */; };
		23A668B61B04F9EF000A006F /* PhotoController.m in Sources */ = {isa = PBXBuildFile; fileRef = 23A668B51B04F9EF000A006F /* PhotoController.m */; };
		23A668C11B057EB3000A006F /* Bolts.framework in Frameworks */ = {isa = PBXBuildFile; fileRef = 23A668BB1B057EB3000A006F /* Bolts.framework */; };
		23A668C21B057EB3000A006F /* ParseCrashReporting.framework in Frameworks */ = {isa = PBXBuildFile; fileRef = 23A668BC1B057EB3000A006F /* ParseCrashReporting.framework */; };
		23A668C31B057EB3000A006F /* ParseUI.framework in Frameworks */ = {isa = PBXBuildFile; fileRef = 23A668BD1B057EB3000A006F /* ParseUI.framework */; };
		23A668C41B057EB3000A006F /* ParseFacebookUtilsV4.framework in Frameworks */ = {isa = PBXBuildFile; fileRef = 23A668BE1B057EB3000A006F /* ParseFacebookUtilsV4.framework */; };
		23A668C51B057EB3000A006F /* ParseFacebookUtils.framework in Frameworks */ = {isa = PBXBuildFile; fileRef = 23A668BF1B057EB3000A006F /* ParseFacebookUtils.framework */; };
		23A668C61B057EB3000A006F /* Parse.framework in Frameworks */ = {isa = PBXBuildFile; fileRef = 23A668C01B057EB3000A006F /* Parse.framework */; };
		23A668C91B057EE5000A006F /* AudioToolbox.framework in Frameworks */ = {isa = PBXBuildFile; fileRef = 23A668C81B057EE5000A006F /* AudioToolbox.framework */; };
		23A668CB1B057EED000A006F /* CFNetwork.framework in Frameworks */ = {isa = PBXBuildFile; fileRef = 23A668CA1B057EED000A006F /* CFNetwork.framework */; };
		23A668CD1B057EF4000A006F /* CoreGraphics.framework in Frameworks */ = {isa = PBXBuildFile; fileRef = 23A668CC1B057EF4000A006F /* CoreGraphics.framework */; };
		23A668CF1B057EFB000A006F /* CoreLocation.framework in Frameworks */ = {isa = PBXBuildFile; fileRef = 23A668CE1B057EFB000A006F /* CoreLocation.framework */; };
		23A668D11B057F06000A006F /* MobileCoreServices.framework in Frameworks */ = {isa = PBXBuildFile; fileRef = 23A668D01B057F06000A006F /* MobileCoreServices.framework */; };
		23A668D31B057F0C000A006F /* QuartzCore.framework in Frameworks */ = {isa = PBXBuildFile; fileRef = 23A668D21B057F0C000A006F /* QuartzCore.framework */; };
		23A668D51B057F13000A006F /* Security.framework in Frameworks */ = {isa = PBXBuildFile; fileRef = 23A668D41B057F13000A006F /* Security.framework */; };
		23A668D71B057F1C000A006F /* StoreKit.framework in Frameworks */ = {isa = PBXBuildFile; fileRef = 23A668D61B057F1C000A006F /* StoreKit.framework */; };
		23A668D91B057F27000A006F /* SystemConfiguration.framework in Frameworks */ = {isa = PBXBuildFile; fileRef = 23A668D81B057F27000A006F /* SystemConfiguration.framework */; };
		23A668DB1B057F33000A006F /* libz.dylib in Frameworks */ = {isa = PBXBuildFile; fileRef = 23A668DA1B057F33000A006F /* libz.dylib */; };
		23A668DD1B057F3C000A006F /* libsqlite3.dylib in Frameworks */ = {isa = PBXBuildFile; fileRef = 23A668DC1B057F3C000A006F /* libsqlite3.dylib */; };
		23A668DF1B057F43000A006F /* Social.framework in Frameworks */ = {isa = PBXBuildFile; fileRef = 23A668DE1B057F43000A006F /* Social.framework */; };
		23A668E11B057F52000A006F /* Accounts.framework in Frameworks */ = {isa = PBXBuildFile; fileRef = 23A668E01B057F52000A006F /* Accounts.framework */; };
		23A668E41B058212000A006F /* Photo.m in Sources */ = {isa = PBXBuildFile; fileRef = 23A668E31B058212000A006F /* Photo.m */; };
		23A668E71B05914B000A006F /* Game.m in Sources */ = {isa = PBXBuildFile; fileRef = 23A668E61B05914B000A006F /* Game.m */; };
		23A668EA1B059178000A006F /* GameController.m in Sources */ = {isa = PBXBuildFile; fileRef = 23A668E91B059178000A006F /* GameController.m */; };
		23A668F01B0AAC0F000A006F /* Vote.m in Sources */ = {isa = PBXBuildFile; fileRef = 23A668EF1B0AAC0F000A006F /* Vote.m */; };
/* End PBXBuildFile section */

/* Begin PBXContainerItemProxy section */
		2389260B1B04190C005F94D3 /* PBXContainerItemProxy */ = {
			isa = PBXContainerItemProxy;
			containerPortal = 238925E91B04190B005F94D3 /* Project object */;
			proxyType = 1;
			remoteGlobalIDString = 238925F01B04190B005F94D3;
			remoteInfo = CapstoneSelfieGame;
		};
/* End PBXContainerItemProxy section */

/* Begin PBXFileReference section */
		238925F11B04190B005F94D3 /* CapstoneSelfieGame.app */ = {isa = PBXFileReference; explicitFileType = wrapper.application; includeInIndex = 0; path = CapstoneSelfieGame.app; sourceTree = BUILT_PRODUCTS_DIR; };
		238925F51B04190C005F94D3 /* Info.plist */ = {isa = PBXFileReference; lastKnownFileType = text.plist.xml; path = Info.plist; sourceTree = "<group>"; };
		238925F61B04190C005F94D3 /* main.m */ = {isa = PBXFileReference; lastKnownFileType = sourcecode.c.objc; path = main.m; sourceTree = "<group>"; };
		238925F81B04190C005F94D3 /* AppDelegate.h */ = {isa = PBXFileReference; lastKnownFileType = sourcecode.c.h; path = AppDelegate.h; sourceTree = "<group>"; };
		238925F91B04190C005F94D3 /* AppDelegate.m */ = {isa = PBXFileReference; lastKnownFileType = sourcecode.c.objc; path = AppDelegate.m; sourceTree = "<group>"; };
		238925FB1B04190C005F94D3 /* ViewController.h */ = {isa = PBXFileReference; lastKnownFileType = sourcecode.c.h; path = ViewController.h; sourceTree = "<group>"; };
		238925FC1B04190C005F94D3 /* ViewController.m */ = {isa = PBXFileReference; lastKnownFileType = sourcecode.c.objc; path = ViewController.m; sourceTree = "<group>"; };
		238925FF1B04190C005F94D3 /* Base */ = {isa = PBXFileReference; lastKnownFileType = file.storyboard; name = Base; path = Base.lproj/Main.storyboard; sourceTree = "<group>"; };
		238926011B04190C005F94D3 /* Images.xcassets */ = {isa = PBXFileReference; lastKnownFileType = folder.assetcatalog; path = Images.xcassets; sourceTree = "<group>"; };
		238926041B04190C005F94D3 /* Base */ = {isa = PBXFileReference; lastKnownFileType = file.xib; name = Base; path = Base.lproj/LaunchScreen.xib; sourceTree = "<group>"; };
		2389260A1B04190C005F94D3 /* CapstoneSelfieGameTests.xctest */ = {isa = PBXFileReference; explicitFileType = wrapper.cfbundle; includeInIndex = 0; path = CapstoneSelfieGameTests.xctest; sourceTree = BUILT_PRODUCTS_DIR; };
		2389260F1B04190C005F94D3 /* Info.plist */ = {isa = PBXFileReference; lastKnownFileType = text.plist.xml; path = Info.plist; sourceTree = "<group>"; };
		238926101B04190C005F94D3 /* CapstoneSelfieGameTests.m */ = {isa = PBXFileReference; lastKnownFileType = sourcecode.c.objc; path = CapstoneSelfieGameTests.m; sourceTree = "<group>"; };
		2389261A1B04219C005F94D3 /* GamesListTableViewDataSource.h */ = {isa = PBXFileReference; fileEncoding = 4; lastKnownFileType = sourcecode.c.h; path = GamesListTableViewDataSource.h; sourceTree = "<group>"; };
		2389261B1B04219C005F94D3 /* GamesListTableViewDataSource.m */ = {isa = PBXFileReference; fileEncoding = 4; lastKnownFileType = sourcecode.c.objc; path = GamesListTableViewDataSource.m; sourceTree = "<group>"; };
		2389261D1B0424F2005F94D3 /* TypeGameNameViewController.h */ = {isa = PBXFileReference; fileEncoding = 4; lastKnownFileType = sourcecode.c.h; path = TypeGameNameViewController.h; sourceTree = "<group>"; };
		2389261E1B0424F2005F94D3 /* TypeGameNameViewController.m */ = {isa = PBXFileReference; fileEncoding = 4; lastKnownFileType = sourcecode.c.objc; path = TypeGameNameViewController.m; sourceTree = "<group>"; };
		238926201B04325E005F94D3 /* FriendPickerViewController.h */ = {isa = PBXFileReference; fileEncoding = 4; lastKnownFileType = sourcecode.c.h; path = FriendPickerViewController.h; sourceTree = "<group>"; };
		238926211B04325E005F94D3 /* FriendPickerViewController.m */ = {isa = PBXFileReference; fileEncoding = 4; lastKnownFileType = sourcecode.c.objc; path = FriendPickerViewController.m; sourceTree = "<group>"; };
		238926241B043313005F94D3 /* GameDetailViewController.h */ = {isa = PBXFileReference; fileEncoding = 4; lastKnownFileType = sourcecode.c.h; path = GameDetailViewController.h; sourceTree = "<group>"; };
		238926251B043313005F94D3 /* GameDetailViewController.m */ = {isa = PBXFileReference; fileEncoding = 4; lastKnownFileType = sourcecode.c.objc; path = GameDetailViewController.m; sourceTree = "<group>"; };
		23A668AD1B04F594000A006F /* PhotoViewController.h */ = {isa = PBXFileReference; fileEncoding = 4; lastKnownFileType = sourcecode.c.h; path = PhotoViewController.h; sourceTree = "<group>"; };
		23A668AE1B04F594000A006F /* PhotoViewController.m */ = {isa = PBXFileReference; fileEncoding = 4; lastKnownFileType = sourcecode.c.objc; path = PhotoViewController.m; sourceTree = "<group>"; };
		23A668B41B04F9EF000A006F /* PhotoController.h */ = {isa = PBXFileReference; fileEncoding = 4; lastKnownFileType = sourcecode.c.h; path = PhotoController.h; sourceTree = "<group>"; };
		23A668B51B04F9EF000A006F /* PhotoController.m */ = {isa = PBXFileReference; fileEncoding = 4; lastKnownFileType = sourcecode.c.objc; path = PhotoController.m; sourceTree = "<group>"; };
		23A668BB1B057EB3000A006F /* Bolts.framework */ = {isa = PBXFileReference; lastKnownFileType = wrapper.framework; path = Bolts.framework; sourceTree = "<group>"; };
		23A668BC1B057EB3000A006F /* ParseCrashReporting.framework */ = {isa = PBXFileReference; lastKnownFileType = wrapper.framework; path = ParseCrashReporting.framework; sourceTree = "<group>"; };
		23A668BD1B057EB3000A006F /* ParseUI.framework */ = {isa = PBXFileReference; lastKnownFileType = wrapper.framework; path = ParseUI.framework; sourceTree = "<group>"; };
		23A668BE1B057EB3000A006F /* ParseFacebookUtilsV4.framework */ = {isa = PBXFileReference; lastKnownFileType = wrapper.framework; path = ParseFacebookUtilsV4.framework; sourceTree = "<group>"; };
		23A668BF1B057EB3000A006F /* ParseFacebookUtils.framework */ = {isa = PBXFileReference; lastKnownFileType = wrapper.framework; path = ParseFacebookUtils.framework; sourceTree = "<group>"; };
		23A668C01B057EB3000A006F /* Parse.framework */ = {isa = PBXFileReference; lastKnownFileType = wrapper.framework; path = Parse.framework; sourceTree = "<group>"; };
		23A668C81B057EE5000A006F /* AudioToolbox.framework */ = {isa = PBXFileReference; lastKnownFileType = wrapper.framework; name = AudioToolbox.framework; path = System/Library/Frameworks/AudioToolbox.framework; sourceTree = SDKROOT; };
		23A668CA1B057EED000A006F /* CFNetwork.framework */ = {isa = PBXFileReference; lastKnownFileType = wrapper.framework; name = CFNetwork.framework; path = System/Library/Frameworks/CFNetwork.framework; sourceTree = SDKROOT; };
		23A668CC1B057EF4000A006F /* CoreGraphics.framework */ = {isa = PBXFileReference; lastKnownFileType = wrapper.framework; name = CoreGraphics.framework; path = System/Library/Frameworks/CoreGraphics.framework; sourceTree = SDKROOT; };
		23A668CE1B057EFB000A006F /* CoreLocation.framework */ = {isa = PBXFileReference; lastKnownFileType = wrapper.framework; name = CoreLocation.framework; path = System/Library/Frameworks/CoreLocation.framework; sourceTree = SDKROOT; };
		23A668D01B057F06000A006F /* MobileCoreServices.framework */ = {isa = PBXFileReference; lastKnownFileType = wrapper.framework; name = MobileCoreServices.framework; path = System/Library/Frameworks/MobileCoreServices.framework; sourceTree = SDKROOT; };
		23A668D21B057F0C000A006F /* QuartzCore.framework */ = {isa = PBXFileReference; lastKnownFileType = wrapper.framework; name = QuartzCore.framework; path = System/Library/Frameworks/QuartzCore.framework; sourceTree = SDKROOT; };
		23A668D41B057F13000A006F /* Security.framework */ = {isa = PBXFileReference; lastKnownFileType = wrapper.framework; name = Security.framework; path = System/Library/Frameworks/Security.framework; sourceTree = SDKROOT; };
		23A668D61B057F1C000A006F /* StoreKit.framework */ = {isa = PBXFileReference; lastKnownFileType = wrapper.framework; name = StoreKit.framework; path = System/Library/Frameworks/StoreKit.framework; sourceTree = SDKROOT; };
		23A668D81B057F27000A006F /* SystemConfiguration.framework */ = {isa = PBXFileReference; lastKnownFileType = wrapper.framework; name = SystemConfiguration.framework; path = System/Library/Frameworks/SystemConfiguration.framework; sourceTree = SDKROOT; };
		23A668DA1B057F33000A006F /* libz.dylib */ = {isa = PBXFileReference; lastKnownFileType = "compiled.mach-o.dylib"; name = libz.dylib; path = usr/lib/libz.dylib; sourceTree = SDKROOT; };
		23A668DC1B057F3C000A006F /* libsqlite3.dylib */ = {isa = PBXFileReference; lastKnownFileType = "compiled.mach-o.dylib"; name = libsqlite3.dylib; path = usr/lib/libsqlite3.dylib; sourceTree = SDKROOT; };
		23A668DE1B057F43000A006F /* Social.framework */ = {isa = PBXFileReference; lastKnownFileType = wrapper.framework; name = Social.framework; path = System/Library/Frameworks/Social.framework; sourceTree = SDKROOT; };
		23A668E01B057F52000A006F /* Accounts.framework */ = {isa = PBXFileReference; lastKnownFileType = wrapper.framework; name = Accounts.framework; path = System/Library/Frameworks/Accounts.framework; sourceTree = SDKROOT; };
		23A668E21B058212000A006F /* Photo.h */ = {isa = PBXFileReference; fileEncoding = 4; lastKnownFileType = sourcecode.c.h; path = Photo.h; sourceTree = "<group>"; };
		23A668E31B058212000A006F /* Photo.m */ = {isa = PBXFileReference; fileEncoding = 4; lastKnownFileType = sourcecode.c.objc; path = Photo.m; sourceTree = "<group>"; };
		23A668E51B05914A000A006F /* Game.h */ = {isa = PBXFileReference; fileEncoding = 4; lastKnownFileType = sourcecode.c.h; path = Game.h; sourceTree = "<group>"; };
		23A668E61B05914B000A006F /* Game.m */ = {isa = PBXFileReference; fileEncoding = 4; lastKnownFileType = sourcecode.c.objc; path = Game.m; sourceTree = "<group>"; };
		23A668E81B059178000A006F /* GameController.h */ = {isa = PBXFileReference; fileEncoding = 4; lastKnownFileType = sourcecode.c.h; path = GameController.h; sourceTree = "<group>"; };
		23A668E91B059178000A006F /* GameController.m */ = {isa = PBXFileReference; fileEncoding = 4; lastKnownFileType = sourcecode.c.objc; path = GameController.m; sourceTree = "<group>"; };
		23A668EE1B0AAC0F000A006F /* Vote.h */ = {isa = PBXFileReference; fileEncoding = 4; lastKnownFileType = sourcecode.c.h; path = Vote.h; sourceTree = "<group>"; };
		23A668EF1B0AAC0F000A006F /* Vote.m */ = {isa = PBXFileReference; fileEncoding = 4; lastKnownFileType = sourcecode.c.objc; path = Vote.m; sourceTree = "<group>"; };
/* End PBXFileReference section */

/* Begin PBXFrameworksBuildPhase section */
		238925EE1B04190B005F94D3 /* Frameworks */ = {
			isa = PBXFrameworksBuildPhase;
			buildActionMask = 2147483647;
			files = (
				23A668E11B057F52000A006F /* Accounts.framework in Frameworks */,
				23A668DF1B057F43000A006F /* Social.framework in Frameworks */,
				23A668DD1B057F3C000A006F /* libsqlite3.dylib in Frameworks */,
				23A668DB1B057F33000A006F /* libz.dylib in Frameworks */,
				23A668D91B057F27000A006F /* SystemConfiguration.framework in Frameworks */,
				23A668D71B057F1C000A006F /* StoreKit.framework in Frameworks */,
				23A668D51B057F13000A006F /* Security.framework in Frameworks */,
				23A668D31B057F0C000A006F /* QuartzCore.framework in Frameworks */,
				23A668D11B057F06000A006F /* MobileCoreServices.framework in Frameworks */,
				23A668CF1B057EFB000A006F /* CoreLocation.framework in Frameworks */,
				23A668CD1B057EF4000A006F /* CoreGraphics.framework in Frameworks */,
				23A668CB1B057EED000A006F /* CFNetwork.framework in Frameworks */,
				23A668C91B057EE5000A006F /* AudioToolbox.framework in Frameworks */,
				23A668C31B057EB3000A006F /* ParseUI.framework in Frameworks */,
				23A668C11B057EB3000A006F /* Bolts.framework in Frameworks */,
				23A668C41B057EB3000A006F /* ParseFacebookUtilsV4.framework in Frameworks */,
				23A668C51B057EB3000A006F /* ParseFacebookUtils.framework in Frameworks */,
				23A668C61B057EB3000A006F /* Parse.framework in Frameworks */,
				23A668C21B057EB3000A006F /* ParseCrashReporting.framework in Frameworks */,
			);
			runOnlyForDeploymentPostprocessing = 0;
		};
		238926071B04190C005F94D3 /* Frameworks */ = {
			isa = PBXFrameworksBuildPhase;
			buildActionMask = 2147483647;
			files = (
			);
			runOnlyForDeploymentPostprocessing = 0;
		};
/* End PBXFrameworksBuildPhase section */

/* Begin PBXGroup section */
		238925E81B04190B005F94D3 = {
			isa = PBXGroup;
			children = (
				238925F31B04190B005F94D3 /* CapstoneSelfieGame */,
				2389260D1B04190C005F94D3 /* CapstoneSelfieGameTests */,
				238925F21B04190B005F94D3 /* Products */,
			);
			sourceTree = "<group>";
		};
		238925F21B04190B005F94D3 /* Products */ = {
			isa = PBXGroup;
			children = (
				238925F11B04190B005F94D3 /* CapstoneSelfieGame.app */,
				2389260A1B04190C005F94D3 /* CapstoneSelfieGameTests.xctest */,
			);
			name = Products;
			sourceTree = "<group>";
		};
		238925F31B04190B005F94D3 /* CapstoneSelfieGame */ = {
			isa = PBXGroup;
			children = (
				238925F81B04190C005F94D3 /* AppDelegate.h */,
				238925F91B04190C005F94D3 /* AppDelegate.m */,
				238925FE1B04190C005F94D3 /* Main.storyboard */,
				238926231B04327C005F94D3 /* Views */,
				23A668BA1B04FA16000A006F /* Controllers */,
				23A668B31B04F9C1000A006F /* Models */,
				238926011B04190C005F94D3 /* Images.xcassets */,
				238926031B04190C005F94D3 /* LaunchScreen.xib */,
				23A668C71B057EBB000A006F /* Frameworks */,
				238925F41B04190C005F94D3 /* Supporting Files */,
			);
			path = CapstoneSelfieGame;
			sourceTree = "<group>";
		};
		238925F41B04190C005F94D3 /* Supporting Files */ = {
			isa = PBXGroup;
			children = (
				238925F51B04190C005F94D3 /* Info.plist */,
				238925F61B04190C005F94D3 /* main.m */,
			);
			name = "Supporting Files";
			sourceTree = "<group>";
		};
		2389260D1B04190C005F94D3 /* CapstoneSelfieGameTests */ = {
			isa = PBXGroup;
			children = (
				238926101B04190C005F94D3 /* CapstoneSelfieGameTests.m */,
				2389260E1B04190C005F94D3 /* Supporting Files */,
			);
			path = CapstoneSelfieGameTests;
			sourceTree = "<group>";
		};
		2389260E1B04190C005F94D3 /* Supporting Files */ = {
			isa = PBXGroup;
			children = (
				2389260F1B04190C005F94D3 /* Info.plist */,
			);
			name = "Supporting Files";
			sourceTree = "<group>";
		};
		238926231B04327C005F94D3 /* Views */ = {
			isa = PBXGroup;
			children = (
				238925FB1B04190C005F94D3 /* ViewController.h */,
				238925FC1B04190C005F94D3 /* ViewController.m */,
				2389261A1B04219C005F94D3 /* GamesListTableViewDataSource.h */,
				2389261B1B04219C005F94D3 /* GamesListTableViewDataSource.m */,
				2389261D1B0424F2005F94D3 /* TypeGameNameViewController.h */,
				2389261E1B0424F2005F94D3 /* TypeGameNameViewController.m */,
				238926201B04325E005F94D3 /* FriendPickerViewController.h */,
				238926211B04325E005F94D3 /* FriendPickerViewController.m */,
				238926241B043313005F94D3 /* GameDetailViewController.h */,
				238926251B043313005F94D3 /* GameDetailViewController.m */,
				23A668AD1B04F594000A006F /* PhotoViewController.h */,
				23A668AE1B04F594000A006F /* PhotoViewController.m */,
			);
			name = Views;
			sourceTree = "<group>";
		};
		23A668B31B04F9C1000A006F /* Models */ = {
			isa = PBXGroup;
			children = (
				23A668E51B05914A000A006F /* Game.h */,
				23A668E61B05914B000A006F /* Game.m */,
				23A668E21B058212000A006F /* Photo.h */,
				23A668E31B058212000A006F /* Photo.m */,
				23A668EE1B0AAC0F000A006F /* Vote.h */,
				23A668EF1B0AAC0F000A006F /* Vote.m */,
			);
			name = Models;
			sourceTree = "<group>";
		};
		23A668BA1B04FA16000A006F /* Controllers */ = {
			isa = PBXGroup;
			children = (
				23A668B41B04F9EF000A006F /* PhotoController.h */,
				23A668B51B04F9EF000A006F /* PhotoController.m */,
				23A668E81B059178000A006F /* GameController.h */,
				23A668E91B059178000A006F /* GameController.m */,
			);
			name = Controllers;
			sourceTree = "<group>";
		};
		23A668C71B057EBB000A006F /* Frameworks */ = {
			isa = PBXGroup;
			children = (
				23A668E01B057F52000A006F /* Accounts.framework */,
				23A668DE1B057F43000A006F /* Social.framework */,
				23A668DC1B057F3C000A006F /* libsqlite3.dylib */,
				23A668DA1B057F33000A006F /* libz.dylib */,
				23A668D81B057F27000A006F /* SystemConfiguration.framework */,
				23A668D61B057F1C000A006F /* StoreKit.framework */,
				23A668D41B057F13000A006F /* Security.framework */,
				23A668D21B057F0C000A006F /* QuartzCore.framework */,
				23A668D01B057F06000A006F /* MobileCoreServices.framework */,
				23A668CE1B057EFB000A006F /* CoreLocation.framework */,
				23A668CC1B057EF4000A006F /* CoreGraphics.framework */,
				23A668CA1B057EED000A006F /* CFNetwork.framework */,
				23A668C81B057EE5000A006F /* AudioToolbox.framework */,
				23A668BB1B057EB3000A006F /* Bolts.framework */,
				23A668BC1B057EB3000A006F /* ParseCrashReporting.framework */,
				23A668BD1B057EB3000A006F /* ParseUI.framework */,
				23A668BE1B057EB3000A006F /* ParseFacebookUtilsV4.framework */,
				23A668BF1B057EB3000A006F /* ParseFacebookUtils.framework */,
				23A668C01B057EB3000A006F /* Parse.framework */,
			);
			name = Frameworks;
			sourceTree = "<group>";
		};
/* End PBXGroup section */

/* Begin PBXNativeTarget section */
		238925F01B04190B005F94D3 /* CapstoneSelfieGame */ = {
			isa = PBXNativeTarget;
			buildConfigurationList = 238926141B04190C005F94D3 /* Build configuration list for PBXNativeTarget "CapstoneSelfieGame" */;
			buildPhases = (
				238925ED1B04190B005F94D3 /* Sources */,
				238925EE1B04190B005F94D3 /* Frameworks */,
				238925EF1B04190B005F94D3 /* Resources */,
			);
			buildRules = (
			);
			dependencies = (
			);
			name = CapstoneSelfieGame;
			productName = CapstoneSelfieGame;
			productReference = 238925F11B04190B005F94D3 /* CapstoneSelfieGame.app */;
			productType = "com.apple.product-type.application";
		};
		238926091B04190C005F94D3 /* CapstoneSelfieGameTests */ = {
			isa = PBXNativeTarget;
			buildConfigurationList = 238926171B04190C005F94D3 /* Build configuration list for PBXNativeTarget "CapstoneSelfieGameTests" */;
			buildPhases = (
				238926061B04190C005F94D3 /* Sources */,
				238926071B04190C005F94D3 /* Frameworks */,
				238926081B04190C005F94D3 /* Resources */,
			);
			buildRules = (
			);
			dependencies = (
				2389260C1B04190C005F94D3 /* PBXTargetDependency */,
			);
			name = CapstoneSelfieGameTests;
			productName = CapstoneSelfieGameTests;
			productReference = 2389260A1B04190C005F94D3 /* CapstoneSelfieGameTests.xctest */;
			productType = "com.apple.product-type.bundle.unit-test";
		};
/* End PBXNativeTarget section */

/* Begin PBXProject section */
		238925E91B04190B005F94D3 /* Project object */ = {
			isa = PBXProject;
			attributes = {
				LastUpgradeCheck = 0620;
				ORGANIZATIONNAME = "Jake Ferrin";
				TargetAttributes = {
					238925F01B04190B005F94D3 = {
						CreatedOnToolsVersion = 6.2;
					};
					238926091B04190C005F94D3 = {
						CreatedOnToolsVersion = 6.2;
						TestTargetID = 238925F01B04190B005F94D3;
					};
				};
			};
			buildConfigurationList = 238925EC1B04190B005F94D3 /* Build configuration list for PBXProject "CapstoneSelfieGame" */;
			compatibilityVersion = "Xcode 3.2";
			developmentRegion = English;
			hasScannedForEncodings = 0;
			knownRegions = (
				en,
				Base,
			);
			mainGroup = 238925E81B04190B005F94D3;
			productRefGroup = 238925F21B04190B005F94D3 /* Products */;
			projectDirPath = "";
			projectRoot = "";
			targets = (
				238925F01B04190B005F94D3 /* CapstoneSelfieGame */,
				238926091B04190C005F94D3 /* CapstoneSelfieGameTests */,
			);
		};
/* End PBXProject section */

/* Begin PBXResourcesBuildPhase section */
		238925EF1B04190B005F94D3 /* Resources */ = {
			isa = PBXResourcesBuildPhase;
			buildActionMask = 2147483647;
			files = (
				238926001B04190C005F94D3 /* Main.storyboard in Resources */,
				238926051B04190C005F94D3 /* LaunchScreen.xib in Resources */,
				238926021B04190C005F94D3 /* Images.xcassets in Resources */,
			);
			runOnlyForDeploymentPostprocessing = 0;
		};
		238926081B04190C005F94D3 /* Resources */ = {
			isa = PBXResourcesBuildPhase;
			buildActionMask = 2147483647;
			files = (
			);
			runOnlyForDeploymentPostprocessing = 0;
		};
/* End PBXResourcesBuildPhase section */

/* Begin PBXSourcesBuildPhase section */
		238925ED1B04190B005F94D3 /* Sources */ = {
			isa = PBXSourcesBuildPhase;
			buildActionMask = 2147483647;
			files = (
				23A668F01B0AAC0F000A006F /* Vote.m in Sources */,
				2389261C1B04219C005F94D3 /* GamesListTableViewDataSource.m in Sources */,
				23A668AF1B04F594000A006F /* PhotoViewController.m in Sources */,
				2389261F1B0424F2005F94D3 /* TypeGameNameViewController.m in Sources */,
				23A668E71B05914B000A006F /* Game.m in Sources */,
				23A668B61B04F9EF000A006F /* PhotoController.m in Sources */,
				23A668EA1B059178000A006F /* GameController.m in Sources */,
				238926261B043313005F94D3 /* GameDetailViewController.m in Sources */,
				238926221B04325E005F94D3 /* FriendPickerViewController.m in Sources */,
				238925FD1B04190C005F94D3 /* ViewController.m in Sources */,
				23A668E41B058212000A006F /* Photo.m in Sources */,
				238925FA1B04190C005F94D3 /* AppDelegate.m in Sources */,
				238925F71B04190C005F94D3 /* main.m in Sources */,
			);
			runOnlyForDeploymentPostprocessing = 0;
		};
		238926061B04190C005F94D3 /* Sources */ = {
			isa = PBXSourcesBuildPhase;
			buildActionMask = 2147483647;
			files = (
				238926111B04190C005F94D3 /* CapstoneSelfieGameTests.m in Sources */,
			);
			runOnlyForDeploymentPostprocessing = 0;
		};
/* End PBXSourcesBuildPhase section */

/* Begin PBXTargetDependency section */
		2389260C1B04190C005F94D3 /* PBXTargetDependency */ = {
			isa = PBXTargetDependency;
			target = 238925F01B04190B005F94D3 /* CapstoneSelfieGame */;
			targetProxy = 2389260B1B04190C005F94D3 /* PBXContainerItemProxy */;
		};
/* End PBXTargetDependency section */

/* Begin PBXVariantGroup section */
		238925FE1B04190C005F94D3 /* Main.storyboard */ = {
			isa = PBXVariantGroup;
			children = (
				238925FF1B04190C005F94D3 /* Base */,
			);
			name = Main.storyboard;
			sourceTree = "<group>";
		};
		238926031B04190C005F94D3 /* LaunchScreen.xib */ = {
			isa = PBXVariantGroup;
			children = (
				238926041B04190C005F94D3 /* Base */,
			);
			name = LaunchScreen.xib;
			sourceTree = "<group>";
		};
/* End PBXVariantGroup section */

/* Begin XCBuildConfiguration section */
		238926121B04190C005F94D3 /* Debug */ = {
			isa = XCBuildConfiguration;
			buildSettings = {
				ALWAYS_SEARCH_USER_PATHS = NO;
				CLANG_CXX_LANGUAGE_STANDARD = "gnu++0x";
				CLANG_CXX_LIBRARY = "libc++";
				CLANG_ENABLE_MODULES = YES;
				CLANG_ENABLE_OBJC_ARC = YES;
				CLANG_WARN_BOOL_CONVERSION = YES;
				CLANG_WARN_CONSTANT_CONVERSION = YES;
				CLANG_WARN_DIRECT_OBJC_ISA_USAGE = YES_ERROR;
				CLANG_WARN_EMPTY_BODY = YES;
				CLANG_WARN_ENUM_CONVERSION = YES;
				CLANG_WARN_INT_CONVERSION = YES;
				CLANG_WARN_OBJC_ROOT_CLASS = YES_ERROR;
				CLANG_WARN_UNREACHABLE_CODE = YES;
				CLANG_WARN__DUPLICATE_METHOD_MATCH = YES;
				"CODE_SIGN_IDENTITY[sdk=iphoneos*]" = "iPhone Developer";
				COPY_PHASE_STRIP = NO;
				ENABLE_STRICT_OBJC_MSGSEND = YES;
				GCC_C_LANGUAGE_STANDARD = gnu99;
				GCC_DYNAMIC_NO_PIC = NO;
				GCC_OPTIMIZATION_LEVEL = 0;
				GCC_PREPROCESSOR_DEFINITIONS = (
					"DEBUG=1",
					"$(inherited)",
				);
				GCC_SYMBOLS_PRIVATE_EXTERN = NO;
				GCC_WARN_64_TO_32_BIT_CONVERSION = YES;
				GCC_WARN_ABOUT_RETURN_TYPE = YES_ERROR;
				GCC_WARN_UNDECLARED_SELECTOR = YES;
				GCC_WARN_UNINITIALIZED_AUTOS = YES_AGGRESSIVE;
				GCC_WARN_UNUSED_FUNCTION = YES;
				GCC_WARN_UNUSED_VARIABLE = YES;
				IPHONEOS_DEPLOYMENT_TARGET = 8.2;
				MTL_ENABLE_DEBUG_INFO = YES;
				ONLY_ACTIVE_ARCH = YES;
				SDKROOT = iphoneos;
			};
			name = Debug;
		};
		238926131B04190C005F94D3 /* Release */ = {
			isa = XCBuildConfiguration;
			buildSettings = {
				ALWAYS_SEARCH_USER_PATHS = NO;
				CLANG_CXX_LANGUAGE_STANDARD = "gnu++0x";
				CLANG_CXX_LIBRARY = "libc++";
				CLANG_ENABLE_MODULES = YES;
				CLANG_ENABLE_OBJC_ARC = YES;
				CLANG_WARN_BOOL_CONVERSION = YES;
				CLANG_WARN_CONSTANT_CONVERSION = YES;
				CLANG_WARN_DIRECT_OBJC_ISA_USAGE = YES_ERROR;
				CLANG_WARN_EMPTY_BODY = YES;
				CLANG_WARN_ENUM_CONVERSION = YES;
				CLANG_WARN_INT_CONVERSION = YES;
				CLANG_WARN_OBJC_ROOT_CLASS = YES_ERROR;
				CLANG_WARN_UNREACHABLE_CODE = YES;
				CLANG_WARN__DUPLICATE_METHOD_MATCH = YES;
				"CODE_SIGN_IDENTITY[sdk=iphoneos*]" = "iPhone Developer";
				COPY_PHASE_STRIP = NO;
				ENABLE_NS_ASSERTIONS = NO;
				ENABLE_STRICT_OBJC_MSGSEND = YES;
				GCC_C_LANGUAGE_STANDARD = gnu99;
				GCC_WARN_64_TO_32_BIT_CONVERSION = YES;
				GCC_WARN_ABOUT_RETURN_TYPE = YES_ERROR;
				GCC_WARN_UNDECLARED_SELECTOR = YES;
				GCC_WARN_UNINITIALIZED_AUTOS = YES_AGGRESSIVE;
				GCC_WARN_UNUSED_FUNCTION = YES;
				GCC_WARN_UNUSED_VARIABLE = YES;
				IPHONEOS_DEPLOYMENT_TARGET = 8.2;
				MTL_ENABLE_DEBUG_INFO = NO;
				SDKROOT = iphoneos;
				VALIDATE_PRODUCT = YES;
			};
			name = Release;
		};
		238926151B04190C005F94D3 /* Debug */ = {
			isa = XCBuildConfiguration;
			buildSettings = {
				ASSETCATALOG_COMPILER_APPICON_NAME = AppIcon;
				FRAMEWORK_SEARCH_PATHS = (
					"$(inherited)",
					"$(PROJECT_DIR)/CapstoneSelfieGame",
				);
				INFOPLIST_FILE = CapstoneSelfieGame/Info.plist;
				LD_RUNPATH_SEARCH_PATHS = "$(inherited) @executable_path/Frameworks";
				PRODUCT_NAME = "$(TARGET_NAME)";
			};
			name = Debug;
		};
		238926161B04190C005F94D3 /* Release */ = {
			isa = XCBuildConfiguration;
			buildSettings = {
				ASSETCATALOG_COMPILER_APPICON_NAME = AppIcon;
				FRAMEWORK_SEARCH_PATHS = (
					"$(inherited)",
					"$(PROJECT_DIR)/CapstoneSelfieGame",
				);
				INFOPLIST_FILE = CapstoneSelfieGame/Info.plist;
				LD_RUNPATH_SEARCH_PATHS = "$(inherited) @executable_path/Frameworks";
				PRODUCT_NAME = "$(TARGET_NAME)";
			};
			name = Release;
		};
		238926181B04190C005F94D3 /* Debug */ = {
			isa = XCBuildConfiguration;
			buildSettings = {
				BUNDLE_LOADER = "$(TEST_HOST)";
				FRAMEWORK_SEARCH_PATHS = (
					"$(SDKROOT)/Developer/Library/Frameworks",
					"$(inherited)",
				);
				GCC_PREPROCESSOR_DEFINITIONS = (
					"DEBUG=1",
					"$(inherited)",
				);
				INFOPLIST_FILE = CapstoneSelfieGameTests/Info.plist;
				LD_RUNPATH_SEARCH_PATHS = "$(inherited) @executable_path/Frameworks @loader_path/Frameworks";
				PRODUCT_NAME = "$(TARGET_NAME)";
				TEST_HOST = "$(BUILT_PRODUCTS_DIR)/CapstoneSelfieGame.app/CapstoneSelfieGame";
			};
			name = Debug;
		};
		238926191B04190C005F94D3 /* Release */ = {
			isa = XCBuildConfiguration;
			buildSettings = {
				BUNDLE_LOADER = "$(TEST_HOST)";
				FRAMEWORK_SEARCH_PATHS = (
					"$(SDKROOT)/Developer/Library/Frameworks",
					"$(inherited)",
				);
				INFOPLIST_FILE = CapstoneSelfieGameTests/Info.plist;
				LD_RUNPATH_SEARCH_PATHS = "$(inherited) @executable_path/Frameworks @loader_path/Frameworks";
				PRODUCT_NAME = "$(TARGET_NAME)";
				TEST_HOST = "$(BUILT_PRODUCTS_DIR)/CapstoneSelfieGame.app/CapstoneSelfieGame";
			};
			name = Release;
		};
/* End XCBuildConfiguration section */

/* Begin XCConfigurationList section */
		238925EC1B04190B005F94D3 /* Build configuration list for PBXProject "CapstoneSelfieGame" */ = {
			isa = XCConfigurationList;
			buildConfigurations = (
				238926121B04190C005F94D3 /* Debug */,
				238926131B04190C005F94D3 /* Release */,
			);
			defaultConfigurationIsVisible = 0;
			defaultConfigurationName = Release;
		};
		238926141B04190C005F94D3 /* Build configuration list for PBXNativeTarget "CapstoneSelfieGame" */ = {
			isa = XCConfigurationList;
			buildConfigurations = (
				238926151B04190C005F94D3 /* Debug */,
				238926161B04190C005F94D3 /* Release */,
			);
			defaultConfigurationIsVisible = 0;
			defaultConfigurationName = Release;
		};
		238926171B04190C005F94D3 /* Build configuration list for PBXNativeTarget "CapstoneSelfieGameTests" */ = {
			isa = XCConfigurationList;
			buildConfigurations = (
				238926181B04190C005F94D3 /* Debug */,
				238926191B04190C005F94D3 /* Release */,
			);
			defaultConfigurationIsVisible = 0;
			defaultConfigurationName = Release;
		};
/* End XCConfigurationList section */
	};
	rootObject = 238925E91B04190B005F94D3 /* Project object */;
}
